
Microsoft Visual Studio Solution File, Format Version 12.00
# Visual Studio Version 16
VisualStudioVersion = 16.0.30804.86
MinimumVisualStudioVersion = 10.0.40219.1
Project("{FAE04EC0-301F-11D3-BF4B-00C04F79EFBC}") = "Curs", "Hesh\Curs.csproj", "{14CD9E01-5388-445F-AF21-864AB8A35B59}"
EndProject
Global
	GlobalSection(SolutionConfigurationPlatforms) = preSolution
		Debug|Any CPU = Debug|Any CPU
		Release|Any CPU = Release|Any CPU
	EndGlobalSection
	GlobalSection(ProjectConfigurationPlatforms) = postSolution
		{14CD9E01-5388-445F-AF21-864AB8A35B59}.Debug|Any CPU.ActiveCfg = Debug|Any CPU
		{14CD9E01-5388-445F-AF21-864AB8A35B59}.Debug|Any CPU.Build.0 = Debug|Any CPU
		{14CD9E01-5388-445F-AF21-864AB8A35B59}.Release|Any CPU.ActiveCfg = Release|Any CPU
		{14CD9E01-5388-445F-AF21-864AB8A35B59}.Release|Any CPU.Build.0 = Release|Any CPU
	EndGlobalSection
	GlobalSection(SolutionProperties) = preSolution
		HideSolutionNode = FALSE
	EndGlobalSection
	GlobalSection(ExtensibilityGlobals) = postSolution
		SolutionGuid = {A40DD0CC-994D-4F83-9663-6BB8E9036E22}
	EndGlobalSection
EndGlobal
